
Microsoft Visual Studio Solution File, Format Version 12.00
# Visual Studio 14
VisualStudioVersion = 14.0.25123.0
MinimumVisualStudioVersion = 10.0.40219.1
Project("{2150E333-8FDC-42A3-9474-1A3956D46DE8}") = "0-Unit Testing", "0-Unit Testing", "{C3BF66A3-FF07-408D-8402-CABC7C562CF8}"
EndProject
Project("{2150E333-8FDC-42A3-9474-1A3956D46DE8}") = "1-UI", "1-UI", "{36357EAB-8BCB-49E1-9F5D-367DEFA93C2B}"
EndProject
Project("{2150E333-8FDC-42A3-9474-1A3956D46DE8}") = "2-Application Services", "2-Application Services", "{84E57022-D93C-4AA6-8E51-8308C556D9C9}"
EndProject
Project("{2150E333-8FDC-42A3-9474-1A3956D46DE8}") = "3-Distributed Services", "3-Distributed Services", "{AB78C16F-C3A2-40EA-9C8F-68580BA115DB}"
EndProject
Project("{2150E333-8FDC-42A3-9474-1A3956D46DE8}") = "4-Domain", "4-Domain", "{097E1EF0-98D6-427E-A17F-C063932CB007}"
EndProject
Project("{2150E333-8FDC-42A3-9474-1A3956D46DE8}") = "5-Infrastructure", "5-Infrastructure", "{5CA31513-DB5B-40AB-9C99-834C4DF1517B}"
EndProject
Project("{FAE04EC0-301F-11D3-BF4B-00C04F79EFBC}") = "UWPDIDemo.Interfaces", "UWPDIDemo.Interfaces\UWPDIDemo.Interfaces.csproj", "{6E7F6E79-1DD9-49F2-9819-B89327D62286}"
EndProject
Project("{FAE04EC0-301F-11D3-BF4B-00C04F79EFBC}") = "UWPDIDemo.Services", "UWPDIDemo.Services\UWPDIDemo.Services.csproj", "{74EC1C1E-8346-4698-A248-0E402E7E6792}"
EndProject
Project("{FAE04EC0-301F-11D3-BF4B-00C04F79EFBC}") = "UWPDIDemo.GreeterApp", "UWPDIDemo.GreeterApp\UWPDIDemo.GreeterApp.csproj", "{D2E6D1AC-B7A1-4F37-A118-60A524832D05}"
EndProject
Project("{FAE04EC0-301F-11D3-BF4B-00C04F79EFBC}") = "UWPDIDemo.Test", "UWPDIDemo.Test\UWPDIDemo.Test.csproj", "{FEA89D2D-EBA0-48BF-A7DC-C4C4E9E76E48}"
EndProject
Global
	GlobalSection(SolutionConfigurationPlatforms) = preSolution
		Debug|Any CPU = Debug|Any CPU
		Debug|ARM = Debug|ARM
		Debug|x64 = Debug|x64
		Debug|x86 = Debug|x86
		Release|Any CPU = Release|Any CPU
		Release|ARM = Release|ARM
		Release|x64 = Release|x64
		Release|x86 = Release|x86
	EndGlobalSection
	GlobalSection(ProjectConfigurationPlatforms) = postSolution
		{6E7F6E79-1DD9-49F2-9819-B89327D62286}.Debug|Any CPU.ActiveCfg = Debug|Any CPU
		{6E7F6E79-1DD9-49F2-9819-B89327D62286}.Debug|Any CPU.Build.0 = Debug|Any CPU
		{6E7F6E79-1DD9-49F2-9819-B89327D62286}.Debug|ARM.ActiveCfg = Debug|ARM
		{6E7F6E79-1DD9-49F2-9819-B89327D62286}.Debug|ARM.Build.0 = Debug|ARM
		{6E7F6E79-1DD9-49F2-9819-B89327D62286}.Debug|x64.ActiveCfg = Debug|x64
		{6E7F6E79-1DD9-49F2-9819-B89327D62286}.Debug|x64.Build.0 = Debug|x64
		{6E7F6E79-1DD9-49F2-9819-B89327D62286}.Debug|x86.ActiveCfg = Debug|x86
		{6E7F6E79-1DD9-49F2-9819-B89327D62286}.Debug|x86.Build.0 = Debug|x86
		{6E7F6E79-1DD9-49F2-9819-B89327D62286}.Release|Any CPU.ActiveCfg = Release|Any CPU
		{6E7F6E79-1DD9-49F2-9819-B89327D62286}.Release|Any CPU.Build.0 = Release|Any CPU
		{6E7F6E79-1DD9-49F2-9819-B89327D62286}.Release|ARM.ActiveCfg = Release|ARM
		{6E7F6E79-1DD9-49F2-9819-B89327D62286}.Release|ARM.Build.0 = Release|ARM
		{6E7F6E79-1DD9-49F2-9819-B89327D62286}.Release|x64.ActiveCfg = Release|x64
		{6E7F6E79-1DD9-49F2-9819-B89327D62286}.Release|x64.Build.0 = Release|x64
		{6E7F6E79-1DD9-49F2-9819-B89327D62286}.Release|x86.ActiveCfg = Release|x86
		{6E7F6E79-1DD9-49F2-9819-B89327D62286}.Release|x86.Build.0 = Release|x86
		{74EC1C1E-8346-4698-A248-0E402E7E6792}.Debug|Any CPU.ActiveCfg = Debug|Any CPU
		{74EC1C1E-8346-4698-A248-0E402E7E6792}.Debug|Any CPU.Build.0 = Debug|Any CPU
		{74EC1C1E-8346-4698-A248-0E402E7E6792}.Debug|ARM.ActiveCfg = Debug|ARM
		{74EC1C1E-8346-4698-A248-0E402E7E6792}.Debug|ARM.Build.0 = Debug|ARM
		{74EC1C1E-8346-4698-A248-0E402E7E6792}.Debug|x64.ActiveCfg = Debug|x64
		{74EC1C1E-8346-4698-A248-0E402E7E6792}.Debug|x64.Build.0 = Debug|x64
		{74EC1C1E-8346-4698-A248-0E402E7E6792}.Debug|x86.ActiveCfg = Debug|x86
		{74EC1C1E-8346-4698-A248-0E402E7E6792}.Debug|x86.Build.0 = Debug|x86
		{74EC1C1E-8346-4698-A248-0E402E7E6792}.Release|Any CPU.ActiveCfg = Release|Any CPU
		{74EC1C1E-8346-4698-A248-0E402E7E6792}.Release|Any CPU.Build.0 = Release|Any CPU
		{74EC1C1E-8346-4698-A248-0E402E7E6792}.Release|ARM.ActiveCfg = Release|ARM
		{74EC1C1E-8346-4698-A248-0E402E7E6792}.Release|ARM.Build.0 = Release|ARM
		{74EC1C1E-8346-4698-A248-0E402E7E6792}.Release|x64.ActiveCfg = Release|x64
		{74EC1C1E-8346-4698-A248-0E402E7E6792}.Release|x64.Build.0 = Release|x64
		{74EC1C1E-8346-4698-A248-0E402E7E6792}.Release|x86.ActiveCfg = Release|x86
		{74EC1C1E-8346-4698-A248-0E402E7E6792}.Release|x86.Build.0 = Release|x86
		{D2E6D1AC-B7A1-4F37-A118-60A524832D05}.Debug|Any CPU.ActiveCfg = Debug|x86
		{D2E6D1AC-B7A1-4F37-A118-60A524832D05}.Debug|ARM.ActiveCfg = Debug|ARM
		{D2E6D1AC-B7A1-4F37-A118-60A524832D05}.Debug|ARM.Build.0 = Debug|ARM
		{D2E6D1AC-B7A1-4F37-A118-60A524832D05}.Debug|ARM.Deploy.0 = Debug|ARM
		{D2E6D1AC-B7A1-4F37-A118-60A524832D05}.Debug|x64.ActiveCfg = Debug|x64
		{D2E6D1AC-B7A1-4F37-A118-60A524832D05}.Debug|x64.Build.0 = Debug|x64
		{D2E6D1AC-B7A1-4F37-A118-60A524832D05}.Debug|x64.Deploy.0 = Debug|x64
		{D2E6D1AC-B7A1-4F37-A118-60A524832D05}.Debug|x86.ActiveCfg = Debug|x86
		{D2E6D1AC-B7A1-4F37-A118-60A524832D05}.Debug|x86.Build.0 = Debug|x86
		{D2E6D1AC-B7A1-4F37-A118-60A524832D05}.Debug|x86.Deploy.0 = Debug|x86
		{D2E6D1AC-B7A1-4F37-A118-60A524832D05}.Release|Any CPU.ActiveCfg = Release|x86
		{D2E6D1AC-B7A1-4F37-A118-60A524832D05}.Release|ARM.ActiveCfg = Release|ARM
		{D2E6D1AC-B7A1-4F37-A118-60A524832D05}.Release|ARM.Build.0 = Release|ARM
		{D2E6D1AC-B7A1-4F37-A118-60A524832D05}.Release|ARM.Deploy.0 = Release|ARM
		{D2E6D1AC-B7A1-4F37-A118-60A524832D05}.Release|x64.ActiveCfg = Release|x64
		{D2E6D1AC-B7A1-4F37-A118-60A524832D05}.Release|x64.Build.0 = Release|x64
		{D2E6D1AC-B7A1-4F37-A118-60A524832D05}.Release|x64.Deploy.0 = Release|x64
		{D2E6D1AC-B7A1-4F37-A118-60A524832D05}.Release|x86.ActiveCfg = Release|x86
		{D2E6D1AC-B7A1-4F37-A118-60A524832D05}.Release|x86.Build.0 = Release|x86
		{D2E6D1AC-B7A1-4F37-A118-60A524832D05}.Release|x86.Deploy.0 = Release|x86
		{FEA89D2D-EBA0-48BF-A7DC-C4C4E9E76E48}.Debug|Any CPU.ActiveCfg = Debug|x86
		{FEA89D2D-EBA0-48BF-A7DC-C4C4E9E76E48}.Debug|ARM.ActiveCfg = Debug|ARM
		{FEA89D2D-EBA0-48BF-A7DC-C4C4E9E76E48}.Debug|ARM.Build.0 = Debug|ARM
		{FEA89D2D-EBA0-48BF-A7DC-C4C4E9E76E48}.Debug|ARM.Deploy.0 = Debug|ARM
		{FEA89D2D-EBA0-48BF-A7DC-C4C4E9E76E48}.Debug|x64.ActiveCfg = Debug|x64
		{FEA89D2D-EBA0-48BF-A7DC-C4C4E9E76E48}.Debug|x64.Build.0 = Debug|x64
		{FEA89D2D-EBA0-48BF-A7DC-C4C4E9E76E48}.Debug|x64.Deploy.0 = Debug|x64
		{FEA89D2D-EBA0-48BF-A7DC-C4C4E9E76E48}.Debug|x86.ActiveCfg = Debug|x86
		{FEA89D2D-EBA0-48BF-A7DC-C4C4E9E76E48}.Debug|x86.Build.0 = Debug|x86
		{FEA89D2D-EBA0-48BF-A7DC-C4C4E9E76E48}.Debug|x86.Deploy.0 = Debug|x86
		{FEA89D2D-EBA0-48BF-A7DC-C4C4E9E76E48}.Release|Any CPU.ActiveCfg = Release|x86
		{FEA89D2D-EBA0-48BF-A7DC-C4C4E9E76E48}.Release|ARM.ActiveCfg = Release|ARM
		{FEA89D2D-EBA0-48BF-A7DC-C4C4E9E76E48}.Release|ARM.Build.0 = Release|ARM
		{FEA89D2D-EBA0-48BF-A7DC-C4C4E9E76E48}.Release|ARM.Deploy.0 = Release|ARM
		{FEA89D2D-EBA0-48BF-A7DC-C4C4E9E76E48}.Release|x64.ActiveCfg = Release|x64
		{FEA89D2D-EBA0-48BF-A7DC-C4C4E9E76E48}.Release|x64.Build.0 = Release|x64
		{FEA89D2D-EBA0-48BF-A7DC-C4C4E9E76E48}.Release|x64.Deploy.0 = Release|x64
		{FEA89D2D-EBA0-48BF-A7DC-C4C4E9E76E48}.Release|x86.ActiveCfg = Release|x86
		{FEA89D2D-EBA0-48BF-A7DC-C4C4E9E76E48}.Release|x86.Build.0 = Release|x86
		{FEA89D2D-EBA0-48BF-A7DC-C4C4E9E76E48}.Release|x86.Deploy.0 = Release|x86
	EndGlobalSection
	GlobalSection(SolutionProperties) = preSolution
		HideSolutionNode = FALSE
	EndGlobalSection
	GlobalSection(NestedProjects) = preSolution
		{6E7F6E79-1DD9-49F2-9819-B89327D62286} = {84E57022-D93C-4AA6-8E51-8308C556D9C9}
		{74EC1C1E-8346-4698-A248-0E402E7E6792} = {84E57022-D93C-4AA6-8E51-8308C556D9C9}
		{D2E6D1AC-B7A1-4F37-A118-60A524832D05} = {36357EAB-8BCB-49E1-9F5D-367DEFA93C2B}
		{FEA89D2D-EBA0-48BF-A7DC-C4C4E9E76E48} = {C3BF66A3-FF07-408D-8402-CABC7C562CF8}
	EndGlobalSection
EndGlobal
